
Microsoft Visual Studio Solution File, Format Version 12.00
# Visual Studio Version 16
VisualStudioVersion = 16.0.30413.136
MinimumVisualStudioVersion = 10.0.40219.1
Project("{FAE04EC0-301F-11D3-BF4B-00C04F79EFBC}") = "SpaceArcade", "SpaceArcade.csproj", "{48107913-1D67-4C72-969B-3285834CAB1E}"
EndProject
Global
	GlobalSection(SolutionConfigurationPlatforms) = preSolution
		Debug|Any CPU = Debug|Any CPU
		Release|Any CPU = Release|Any CPU
	EndGlobalSection
	GlobalSection(ProjectConfigurationPlatforms) = postSolution
		{48107913-1D67-4C72-969B-3285834CAB1E}.Debug|Any CPU.ActiveCfg = Debug|Any CPU
		{48107913-1D67-4C72-969B-3285834CAB1E}.Debug|Any CPU.Build.0 = Debug|Any CPU
		{48107913-1D67-4C72-969B-3285834CAB1E}.Release|Any CPU.ActiveCfg = Release|Any CPU
		{48107913-1D67-4C72-969B-3285834CAB1E}.Release|Any CPU.Build.0 = Release|Any CPU
	EndGlobalSection
	GlobalSection(SolutionProperties) = preSolution
		HideSolutionNode = FALSE
	EndGlobalSection
	GlobalSection(ExtensibilityGlobals) = postSolution
		SolutionGuid = {A943BC69-25CA-45A9-BDEA-B449C8CEA616}
	EndGlobalSection
EndGlobal
